// !$*UTF8*$!
{
	archiveVersion = 1;
	classes = {
	};
	objectVersion = 46;
	objects = {

/* Begin PBXBuildFile section */
		2E36744C1D49F28F00891B4B /* main.m in Sources */ = {isa = PBXBuildFile; fileRef = 2E36744B1D49F28F00891B4B /* main.m */; };
		2E36744F1D49F28F00891B4B /* AppDelegate.m in Sources */ = {isa = PBXBuildFile; fileRef = 2E36744E1D49F28F00891B4B /* AppDelegate.m */; };
		2E3674521D49F28F00891B4B /* ViewController.m in Sources */ = {isa = PBXBuildFile; fileRef = 2E3674511D49F28F00891B4B /* ViewController.m */; };
		2E3674551D49F28F00891B4B /* Main.storyboard in Resources */ = {isa = PBXBuildFile; fileRef = 2E3674531D49F28F00891B4B /* Main.storyboard */; };
		2E3674571D49F28F00891B4B /* Assets.xcassets in Resources */ = {isa = PBXBuildFile; fileRef = 2E3674561D49F28F00891B4B /* Assets.xcassets */; };
		2E36745A1D49F28F00891B4B /* LaunchScreen.storyboard in Resources */ = {isa = PBXBuildFile; fileRef = 2E3674581D49F28F00891B4B /* LaunchScreen.storyboard */; };
		2E3674651D49F28F00891B4B /* testUITests.m in Sources */ = {isa = PBXBuildFile; fileRef = 2E3674641D49F28F00891B4B /* testUITests.m */; };
		2E3674771D49F5D000891B4B /* 2321ViewController.m in Sources */ = {isa = PBXBuildFile; fileRef = 2E3674761D49F5D000891B4B /* 2321ViewController.m */; };
		964942E91D49FDE60059ACEE /* qwreqwerViewController.m in Sources */ = {isa = PBXBuildFile; fileRef = 964942E81D49FDE60059ACEE /* qwreqwerViewController.m */; };
/* End PBXBuildFile section */

/* Begin PBXContainerItemProxy section */
		2E3674611D49F28F00891B4B /* PBXContainerItemProxy */ = {
			isa = PBXContainerItemProxy;
			containerPortal = 2E36743F1D49F28E00891B4B /* Project object */;
			proxyType = 1;
			remoteGlobalIDString = 2E3674461D49F28E00891B4B;
			remoteInfo = test;
		};
/* End PBXContainerItemProxy section */

/* Begin PBXFileReference section */
		2E3674471D49F28E00891B4B /* test.app */ = {isa = PBXFileReference; explicitFileType = wrapper.application; includeInIndex = 0; path = test.app; sourceTree = BUILT_PRODUCTS_DIR; };
		2E36744B1D49F28F00891B4B /* main.m */ = {isa = PBXFileReference; lastKnownFileType = sourcecode.c.objc; path = main.m; sourceTree = "<group>"; };
		2E36744D1D49F28F00891B4B /* AppDelegate.h */ = {isa = PBXFileReference; lastKnownFileType = sourcecode.c.h; path = AppDelegate.h; sourceTree = "<group>"; };
		2E36744E1D49F28F00891B4B /* AppDelegate.m */ = {isa = PBXFileReference; lastKnownFileType = sourcecode.c.objc; path = AppDelegate.m; sourceTree = "<group>"; };
		2E3674501D49F28F00891B4B /* ViewController.h */ = {isa = PBXFileReference; lastKnownFileType = sourcecode.c.h; path = ViewController.h; sourceTree = "<group>"; };
		2E3674511D49F28F00891B4B /* ViewController.m */ = {isa = PBXFileReference; lastKnownFileType = sourcecode.c.objc; path = ViewController.m; sourceTree = "<group>"; };
		2E3674541D49F28F00891B4B /* Base */ = {isa = PBXFileReference; lastKnownFileType = file.storyboard; name = Base; path = Base.lproj/Main.storyboard; sourceTree = "<group>"; };
		2E3674561D49F28F00891B4B /* Assets.xcassets */ = {isa = PBXFileReference; lastKnownFileType = folder.assetcatalog; path = Assets.xcassets; sourceTree = "<group>"; };
		2E3674591D49F28F00891B4B /* Base */ = {isa = PBXFileReference; lastKnownFileType = file.storyboard; name = Base; path = Base.lproj/LaunchScreen.storyboard; sourceTree = "<group>"; };
		2E36745B1D49F28F00891B4B /* Info.plist */ = {isa = PBXFileReference; lastKnownFileType = text.plist.xml; path = Info.plist; sourceTree = "<group>"; };
		2E3674601D49F28F00891B4B /* testUITests.xctest */ = {isa = PBXFileReference; explicitFileType = wrapper.cfbundle; includeInIndex = 0; path = testUITests.xctest; sourceTree = BUILT_PRODUCTS_DIR; };
		2E3674641D49F28F00891B4B /* testUITests.m */ = {isa = PBXFileReference; lastKnownFileType = sourcecode.c.objc; path = testUITests.m; sourceTree = "<group>"; };
		2E3674661D49F28F00891B4B /* Info.plist */ = {isa = PBXFileReference; lastKnownFileType = text.plist.xml; path = Info.plist; sourceTree = "<group>"; };
		2E3674751D49F5D000891B4B /* 2321ViewController.h */ = {isa = PBXFileReference; fileEncoding = 4; lastKnownFileType = sourcecode.c.h; path = 2321ViewController.h; sourceTree = "<group>"; };
		2E3674761D49F5D000891B4B /* 2321ViewController.m */ = {isa = PBXFileReference; fileEncoding = 4; lastKnownFileType = sourcecode.c.objc; path = 2321ViewController.m; sourceTree = "<group>"; };
		964942E71D49FDE60059ACEE /* qwreqwerViewController.h */ = {isa = PBXFileReference; fileEncoding = 4; lastKnownFileType = sourcecode.c.h; path = qwreqwerViewController.h; sourceTree = "<group>"; };
		964942E81D49FDE60059ACEE /* qwreqwerViewController.m */ = {isa = PBXFileReference; fileEncoding = 4; lastKnownFileType = sourcecode.c.objc; path = qwreqwerViewController.m; sourceTree = "<group>"; };
/* End PBXFileReference section */

/* Begin PBXFrameworksBuildPhase section */
		2E3674441D49F28E00891B4B /* Frameworks */ = {
			isa = PBXFrameworksBuildPhase;
			buildActionMask = 2147483647;
			files = (
			);
			runOnlyForDeploymentPostprocessing = 0;
		};
		2E36745D1D49F28F00891B4B /* Frameworks */ = {
			isa = PBXFrameworksBuildPhase;
			buildActionMask = 2147483647;
			files = (
			);
			runOnlyForDeploymentPostprocessing = 0;
		};
/* End PBXFrameworksBuildPhase section */

/* Begin PBXGroup section */
		2E36743E1D49F28E00891B4B = {
			isa = PBXGroup;
			children = (
				2E3674491D49F28F00891B4B /* test */,
				2E3674631D49F28F00891B4B /* testUITests */,
				2E3674481D49F28E00891B4B /* Products */,
			);
			sourceTree = "<group>";
		};
		2E3674481D49F28E00891B4B /* Products */ = {
			isa = PBXGroup;
			children = (
				2E3674471D49F28E00891B4B /* test.app */,
				2E3674601D49F28F00891B4B /* testUITests.xctest */,
			);
			name = Products;
			sourceTree = "<group>";
		};
		2E3674491D49F28F00891B4B /* test */ = {
			isa = PBXGroup;
			children = (
				964942E61D49FDD80059ACEE /* qrtqret */,
				2E36744D1D49F28F00891B4B /* AppDelegate.h */,
				2E36744E1D49F28F00891B4B /* AppDelegate.m */,
				2E3674501D49F28F00891B4B /* ViewController.h */,
				2E3674511D49F28F00891B4B /* ViewController.m */,
				2E3674751D49F5D000891B4B /* 2321ViewController.h */,
				2E3674761D49F5D000891B4B /* 2321ViewController.m */,
				2E3674531D49F28F00891B4B /* Main.storyboard */,
				2E3674561D49F28F00891B4B /* Assets.xcassets */,
				2E3674581D49F28F00891B4B /* LaunchScreen.storyboard */,
				2E36745B1D49F28F00891B4B /* Info.plist */,
				2E36744A1D49F28F00891B4B /* Supporting Files */,
			);
			path = test;
			sourceTree = "<group>";
		};
		2E36744A1D49F28F00891B4B /* Supporting Files */ = {
			isa = PBXGroup;
			children = (
				2E36744B1D49F28F00891B4B /* main.m */,
			);
			name = "Supporting Files";
			sourceTree = "<group>";
		};
		2E3674631D49F28F00891B4B /* testUITests */ = {
			isa = PBXGroup;
			children = (
				2E3674641D49F28F00891B4B /* testUITests.m */,
				2E3674661D49F28F00891B4B /* Info.plist */,
			);
			path = testUITests;
			sourceTree = "<group>";
		};
		964942E61D49FDD80059ACEE /* qrtqret */ = {
			isa = PBXGroup;
			children = (
				964942E71D49FDE60059ACEE /* qwreqwerViewController.h */,
				964942E81D49FDE60059ACEE /* qwreqwerViewController.m */,
			);
			name = qrtqret;
			sourceTree = "<group>";
		};
/* End PBXGroup section */

/* Begin PBXNativeTarget section */
		2E3674461D49F28E00891B4B /* test */ = {
			isa = PBXNativeTarget;
			buildConfigurationList = 2E3674691D49F28F00891B4B /* Build configuration list for PBXNativeTarget "test" */;
			buildPhases = (
				2E3674431D49F28E00891B4B /* Sources */,
				2E3674441D49F28E00891B4B /* Frameworks */,
				2E3674451D49F28E00891B4B /* Resources */,
			);
			buildRules = (
			);
			dependencies = (
			);
			name = test;
			productName = test;
			productReference = 2E3674471D49F28E00891B4B /* test.app */;
			productType = "com.apple.product-type.application";
		};
		2E36745F1D49F28F00891B4B /* testUITests */ = {
			isa = PBXNativeTarget;
			buildConfigurationList = 2E36746C1D49F28F00891B4B /* Build configuration list for PBXNativeTarget "testUITests" */;
			buildPhases = (
				2E36745C1D49F28F00891B4B /* Sources */,
				2E36745D1D49F28F00891B4B /* Frameworks */,
				2E36745E1D49F28F00891B4B /* Resources */,
			);
			buildRules = (
			);
			dependencies = (
				2E3674621D49F28F00891B4B /* PBXTargetDependency */,
			);
			name = testUITests;
			productName = testUITests;
			productReference = 2E3674601D49F28F00891B4B /* testUITests.xctest */;
			productType = "com.apple.product-type.bundle.ui-testing";
		};
/* End PBXNativeTarget section */

/* Begin PBXProject section */
		2E36743F1D49F28E00891B4B /* Project object */ = {
			isa = PBXProject;
			attributes = {
				LastUpgradeCheck = 0730;
				ORGANIZATIONNAME = luzhe;
				TargetAttributes = {
					2E3674461D49F28E00891B4B = {
						CreatedOnToolsVersion = 7.3.1;
					};
					2E36745F1D49F28F00891B4B = {
						CreatedOnToolsVersion = 7.3.1;
						TestTargetID = 2E3674461D49F28E00891B4B;
					};
				};
			};
			buildConfigurationList = 2E3674421D49F28E00891B4B /* Build configuration list for PBXProject "test" */;
			compatibilityVersion = "Xcode 3.2";
			developmentRegion = English;
			hasScannedForEncodings = 0;
			knownRegions = (
				en,
				Base,
			);
			mainGroup = 2E36743E1D49F28E00891B4B;
			productRefGroup = 2E3674481D49F28E00891B4B /* Products */;
			projectDirPath = "";
			projectRoot = "";
			targets = (
				2E3674461D49F28E00891B4B /* test */,
				2E36745F1D49F28F00891B4B /* testUITests */,
			);
		};
/* End PBXProject section */

/* Begin PBXResourcesBuildPhase section */
		2E3674451D49F28E00891B4B /* Resources */ = {
			isa = PBXResourcesBuildPhase;
			buildActionMask = 2147483647;
			files = (
				2E36745A1D49F28F00891B4B /* LaunchScreen.storyboard in Resources */,
				2E3674571D49F28F00891B4B /* Assets.xcassets in Resources */,
				2E3674551D49F28F00891B4B /* Main.storyboard in Resources */,
			);
			runOnlyForDeploymentPostprocessing = 0;
		};
		2E36745E1D49F28F00891B4B /* Resources */ = {
			isa = PBXResourcesBuildPhase;
			buildActionMask = 2147483647;
			files = (
			);
			runOnlyForDeploymentPostprocessing = 0;
		};
/* End PBXResourcesBuildPhase section */

/* Begin PBXSourcesBuildPhase section */
		2E3674431D49F28E00891B4B /* Sources */ = {
			isa = PBXSourcesBuildPhase;
			buildActionMask = 2147483647;
			files = (
				2E3674521D49F28F00891B4B /* ViewController.m in Sources */,
				2E36744F1D49F28F00891B4B /* AppDelegate.m in Sources */,
				964942E91D49FDE60059ACEE /* qwreqwerViewController.m in Sources */,
				2E3674771D49F5D000891B4B /* 2321ViewController.m in Sources */,
				2E36744C1D49F28F00891B4B /* main.m in Sources */,
			);
			runOnlyForDeploymentPostprocessing = 0;
		};
		2E36745C1D49F28F00891B4B /* Sources */ = {
			isa = PBXSourcesBuildPhase;
			buildActionMask = 2147483647;
			files = (
				2E3674651D49F28F00891B4B /* testUITests.m in Sources */,
			);
			runOnlyForDeploymentPostprocessing = 0;
		};
/* End PBXSourcesBuildPhase section */

/* Begin PBXTargetDependency section */
		2E3674621D49F28F00891B4B /* PBXTargetDependency */ = {
			isa = PBXTargetDependency;
			target = 2E3674461D49F28E00891B4B /* test */;
			targetProxy = 2E3674611D49F28F00891B4B /* PBXContainerItemProxy */;
		};
/* End PBXTargetDependency section */

/* Begin PBXVariantGroup section */
		2E3674531D49F28F00891B4B /* Main.storyboard */ = {
			isa = PBXVariantGroup;
			children = (
				2E3674541D49F28F00891B4B /* Base */,
			);
			name = Main.storyboard;
			sourceTree = "<group>";
		};
		2E3674581D49F28F00891B4B /* LaunchScreen.storyboard */ = {
			isa = PBXVariantGroup;
			children = (
				2E3674591D49F28F00891B4B /* Base */,
			);
			name = LaunchScreen.storyboard;
			sourceTree = "<group>";
		};
/* End PBXVariantGroup section */

/* Begin XCBuildConfiguration section */
		2E3674671D49F28F00891B4B /* Debug */ = {
			isa = XCBuildConfiguration;
			buildSettings = {
				ALWAYS_SEARCH_USER_PATHS = NO;
				CLANG_ANALYZER_NONNULL = YES;
				CLANG_CXX_LANGUAGE_STANDARD = "gnu++0x";
				CLANG_CXX_LIBRARY = "libc++";
				CLANG_ENABLE_MODULES = YES;
				CLANG_ENABLE_OBJC_ARC = YES;
				CLANG_WARN_BOOL_CONVERSION = YES;
				CLANG_WARN_CONSTANT_CONVERSION = YES;
				CLANG_WARN_DIRECT_OBJC_ISA_USAGE = YES_ERROR;
				CLANG_WARN_EMPTY_BODY = YES;
				CLANG_WARN_ENUM_CONVERSION = YES;
				CLANG_WARN_INT_CONVERSION = YES;
				CLANG_WARN_OBJC_ROOT_CLASS = YES_ERROR;
				CLANG_WARN_UNREACHABLE_CODE = YES;
				CLANG_WARN__DUPLICATE_METHOD_MATCH = YES;
				"CODE_SIGN_IDENTITY[sdk=iphoneos*]" = "iPhone Developer";
				COPY_PHASE_STRIP = NO;
				DEBUG_INFORMATION_FORMAT = dwarf;
				ENABLE_STRICT_OBJC_MSGSEND = YES;
				ENABLE_TESTABILITY = YES;
				GCC_C_LANGUAGE_STANDARD = gnu99;
				GCC_DYNAMIC_NO_PIC = NO;
				GCC_NO_COMMON_BLOCKS = YES;
				GCC_OPTIMIZATION_LEVEL = 0;
				GCC_PREPROCESSOR_DEFINITIONS = (
					"DEBUG=1",
					"$(inherited)",
				);
				GCC_WARN_64_TO_32_BIT_CONVERSION = YES;
				GCC_WARN_ABOUT_RETURN_TYPE = YES_ERROR;
				GCC_WARN_UNDECLARED_SELECTOR = YES;
				GCC_WARN_UNINITIALIZED_AUTOS = YES_AGGRESSIVE;
				GCC_WARN_UNUSED_FUNCTION = YES;
				GCC_WARN_UNUSED_VARIABLE = YES;
				IPHONEOS_DEPLOYMENT_TARGET = 9.3;
				MTL_ENABLE_DEBUG_INFO = YES;
				ONLY_ACTIVE_ARCH = YES;
				SDKROOT = iphoneos;
			};
			name = Debug;
		};
		2E3674681D49F28F00891B4B /* Release */ = {
			isa = XCBuildConfiguration;
			buildSettings = {
				ALWAYS_SEARCH_USER_PATHS = NO;
				CLANG_ANALYZER_NONNULL = YES;
				CLANG_CXX_LANGUAGE_STANDARD = "gnu++0x";
				CLANG_CXX_LIBRARY = "libc++";
				CLANG_ENABLE_MODULES = YES;
				CLANG_ENABLE_OBJC_ARC = YES;
				CLANG_WARN_BOOL_CONVERSION = YES;
				CLANG_WARN_CONSTANT_CONVERSION = YES;
				CLANG_WARN_DIRECT_OBJC_ISA_USAGE = YES_ERROR;
				CLANG_WARN_EMPTY_BODY = YES;
				CLANG_WARN_ENUM_CONVERSION = YES;
				CLANG_WARN_INT_CONVERSION = YES;
				CLANG_WARN_OBJC_ROOT_CLASS = YES_ERROR;
				CLANG_WARN_UNREACHABLE_CODE = YES;
				CLANG_WARN__DUPLICATE_METHOD_MATCH = YES;
				"CODE_SIGN_IDENTITY[sdk=iphoneos*]" = "iPhone Developer";
				COPY_PHASE_STRIP = NO;
				DEBUG_INFORMATION_FORMAT = "dwarf-with-dsym";
				ENABLE_NS_ASSERTIONS = NO;
				ENABLE_STRICT_OBJC_MSGSEND = YES;
				GCC_C_LANGUAGE_STANDARD = gnu99;
				GCC_NO_COMMON_BLOCKS = YES;
				GCC_WARN_64_TO_32_BIT_CONVERSION = YES;
				GCC_WARN_ABOUT_RETURN_TYPE = YES_ERROR;
				GCC_WARN_UNDECLARED_SELECTOR = YES;
				GCC_WARN_UNINITIALIZED_AUTOS = YES_AGGRESSIVE;
				GCC_WARN_UNUSED_FUNCTION = YES;
				GCC_WARN_UNUSED_VARIABLE = YES;
				IPHONEOS_DEPLOYMENT_TARGET = 9.3;
				MTL_ENABLE_DEBUG_INFO = NO;
				SDKROOT = iphoneos;
				VALIDATE_PRODUCT = YES;
			};
			name = Release;
		};
		2E36746A1D49F28F00891B4B /* Debug */ = {
			isa = XCBuildConfiguration;
			buildSettings = {
				ASSETCATALOG_COMPILER_APPICON_NAME = AppIcon;
				INFOPLIST_FILE = test/Info.plist;
				LD_RUNPATH_SEARCH_PATHS = "$(inherited) @executable_path/Frameworks";
				PRODUCT_BUNDLE_IDENTIFIER = com.lu.test;
				PRODUCT_NAME = "$(TARGET_NAME)";
			};
			name = Debug;
		};
		2E36746B1D49F28F00891B4B /* Release */ = {
			isa = XCBuildConfiguration;
			buildSettings = {
				ASSETCATALOG_COMPILER_APPICON_NAME = AppIcon;
				INFOPLIST_FILE = test/Info.plist;
				LD_RUNPATH_SEARCH_PATHS = "$(inherited) @executable_path/Frameworks";
				PRODUCT_BUNDLE_IDENTIFIER = com.lu.test;
				PRODUCT_NAME = "$(TARGET_NAME)";
			};
			name = Release;
		};
		2E36746D1D49F28F00891B4B /* Debug */ = {
			isa = XCBuildConfiguration;
			buildSettings = {
				INFOPLIST_FILE = testUITests/Info.plist;
				LD_RUNPATH_SEARCH_PATHS = "$(inherited) @executable_path/Frameworks @loader_path/Frameworks";
				PRODUCT_BUNDLE_IDENTIFIER = com.lu.testUITests;
				PRODUCT_NAME = "$(TARGET_NAME)";
				TEST_TARGET_NAME = test;
			};
			name = Debug;
		};
		2E36746E1D49F28F00891B4B /* Release */ = {
			isa = XCBuildConfiguration;
			buildSettings = {
				INFOPLIST_FILE = testUITests/Info.plist;
				LD_RUNPATH_SEARCH_PATHS = "$(inherited) @executable_path/Frameworks @loader_path/Frameworks";
				PRODUCT_BUNDLE_IDENTIFIER = com.lu.testUITests;
				PRODUCT_NAME = "$(TARGET_NAME)";
				TEST_TARGET_NAME = test;
			};
			name = Release;
		};
/* End XCBuildConfiguration section */

/* Begin XCConfigurationList section */
		2E3674421D49F28E00891B4B /* Build configuration list for PBXProject "test" */ = {
			isa = XCConfigurationList;
			buildConfigurations = (
				2E3674671D49F28F00891B4B /* Debug */,
				2E3674681D49F28F00891B4B /* Release */,
			);
			defaultConfigurationIsVisible = 0;
			defaultConfigurationName = Release;
		};
		2E3674691D49F28F00891B4B /* Build configuration list for PBXNativeTarget "test" */ = {
			isa = XCConfigurationList;
			buildConfigurations = (
				2E36746A1D49F28F00891B4B /* Debug */,
				2E36746B1D49F28F00891B4B /* Release */,
			);
			defaultConfigurationIsVisible = 0;
			defaultConfigurationName = Release;
		};
		2E36746C1D49F28F00891B4B /* Build configuration list for PBXNativeTarget "testUITests" */ = {
			isa = XCConfigurationList;
			buildConfigurations = (
				2E36746D1D49F28F00891B4B /* Debug */,
				2E36746E1D49F28F00891B4B /* Release */,
			);
			defaultConfigurationIsVisible = 0;
			defaultConfigurationName = Release;
		};
/* End XCConfigurationList section */
	};
	rootObject = 2E36743F1D49F28E00891B4B /* Project object */;
}
